
Microsoft Visual Studio Solution File, Format Version 12.00
# Visual Studio Version 17
VisualStudioVersion = 17.2.32630.192
MinimumVisualStudioVersion = 10.0.40219.1
Project("{FAE04EC0-301F-11D3-BF4B-00C04F79EFBC}") = "ex1_marché", "ex1_marché\ex1_marché.csproj", "{56D6ECE6-A49C-400B-8B5A-DBC8B04B6D8D}"
EndProject
Global
	GlobalSection(SolutionConfigurationPlatforms) = preSolution
		Debug|Any CPU = Debug|Any CPU
		Release|Any CPU = Release|Any CPU
	EndGlobalSection
	GlobalSection(ProjectConfigurationPlatforms) = postSolution
		{56D6ECE6-A49C-400B-8B5A-DBC8B04B6D8D}.Debug|Any CPU.ActiveCfg = Debug|Any CPU
		{56D6ECE6-A49C-400B-8B5A-DBC8B04B6D8D}.Debug|Any CPU.Build.0 = Debug|Any CPU
		{56D6ECE6-A49C-400B-8B5A-DBC8B04B6D8D}.Release|Any CPU.ActiveCfg = Release|Any CPU
		{56D6ECE6-A49C-400B-8B5A-DBC8B04B6D8D}.Release|Any CPU.Build.0 = Release|Any CPU
	EndGlobalSection
	GlobalSection(SolutionProperties) = preSolution
		HideSolutionNode = FALSE
	EndGlobalSection
	GlobalSection(ExtensibilityGlobals) = postSolution
		SolutionGuid = {88446D42-3D4F-4F0F-8D0B-AE8D9A84762F}
	EndGlobalSection
EndGlobal
